
Microsoft Visual Studio Solution File, Format Version 12.00
# Visual Studio Version 16
VisualStudioVersion = 16.0.33130.400
MinimumVisualStudioVersion = 10.0.40219.1
Project("{FAE04EC0-301F-11D3-BF4B-00C04F79EFBC}") = "Employee", "Employee.csproj", "{6E797265-3658-4ED0-9D2D-B5B7401FB37E}"
EndProject
Global
	GlobalSection(SolutionConfigurationPlatforms) = preSolution
		Debug|Any CPU = Debug|Any CPU
		Release|Any CPU = Release|Any CPU
	EndGlobalSection
	GlobalSection(ProjectConfigurationPlatforms) = postSolution
		{6E797265-3658-4ED0-9D2D-B5B7401FB37E}.Debug|Any CPU.ActiveCfg = Debug|Any CPU
		{6E797265-3658-4ED0-9D2D-B5B7401FB37E}.Debug|Any CPU.Build.0 = Debug|Any CPU
		{6E797265-3658-4ED0-9D2D-B5B7401FB37E}.Release|Any CPU.ActiveCfg = Release|Any CPU
		{6E797265-3658-4ED0-9D2D-B5B7401FB37E}.Release|Any CPU.Build.0 = Release|Any CPU
	EndGlobalSection
	GlobalSection(SolutionProperties) = preSolution
		HideSolutionNode = FALSE
	EndGlobalSection
	GlobalSection(ExtensibilityGlobals) = postSolution
		SolutionGuid = {B294E9A2-7D24-43F9-94B6-32B6BA87D886}
	EndGlobalSection
EndGlobal
